
Microsoft Visual Studio Solution File, Format Version 12.00
# Visual Studio Version 16
VisualStudioVersion = 16.0.29201.188
MinimumVisualStudioVersion = 15.0.26124.0
Project("{2150E333-8FDC-42A3-9474-1A3956D46DE8}") = "ClientService", "ClientService", "{40B2F7C5-B84F-4D73-9D5A-521CC9E41144}"
EndProject
Project("{9A19103F-16F7-4668-BE54-9A1E7A4F7556}") = "ClientService.ConsoleApp", "client-service\ClientService.ConsoleApp\ClientService.ConsoleApp.csproj", "{580B84A6-E1D2-41CA-9138-65C191E31505}"
EndProject
Project("{9A19103F-16F7-4668-BE54-9A1E7A4F7556}") = "ClientService.Core", "client-service\ClientService.Core\ClientService.Core.csproj", "{4C416DDC-732C-4C67-836E-2B5E83BDE718}"
EndProject
Project("{9A19103F-16F7-4668-BE54-9A1E7A4F7556}") = "ClientService.Infrastructure", "client-service\ClientService.Infrastructure\ClientService.Infrastructure.csproj", "{72019E73-6D6C-41BD-9F18-8B20FF3DA2D8}"
EndProject
Project("{2150E333-8FDC-42A3-9474-1A3956D46DE8}") = "ValidationService", "ValidationService", "{9D2ED7E1-3E42-4259-A0C8-E89065C6E4FD}"
EndProject
Project("{9A19103F-16F7-4668-BE54-9A1E7A4F7556}") = "ValidationService.ConsoleApp", "validation-service\ValidationService.ConsoleApp\ValidationService.ConsoleApp.csproj", "{3075EE47-ACAF-4537-966C-748F3237E2E6}"
EndProject
Project("{9A19103F-16F7-4668-BE54-9A1E7A4F7556}") = "ValidationService.Core", "validation-service\ValidationService.Core\ValidationService.Core.csproj", "{EAC51217-A275-4B6E-AE7D-86FF7D885732}"
EndProject
Project("{9A19103F-16F7-4668-BE54-9A1E7A4F7556}") = "ValidationService.Infrastructure", "validation-service\ValidationService.Infrastructure\ValidationService.Infrastructure.csproj", "{1996433B-2887-4A49-88CE-383D0FA9BFEA}"
EndProject
Project("{2150E333-8FDC-42A3-9474-1A3956D46DE8}") = ".nuget", ".nuget", "{95E90AF4-64FF-40CA-9370-2977ECDE6EF4}"
EndProject
Project("{2150E333-8FDC-42A3-9474-1A3956D46DE8}") = "Notification", "Notification", "{E352371F-7AAB-4943-B029-1F6EE9F18A64}"
EndProject
Project("{9A19103F-16F7-4668-BE54-9A1E7A4F7556}") = "Notification.Core", "notification-service\Notification.Core\Notification.Core.csproj", "{71B4873F-7875-4CAA-B781-E5560051E3E8}"
EndProject
Project("{9A19103F-16F7-4668-BE54-9A1E7A4F7556}") = "Notification.Infrastructure", "notification-service\Notification.Infrastructure\Notification.Infrastructure.csproj", "{1CE1DD26-A46B-4745-AF34-4255E93236E5}"
EndProject
Project("{9A19103F-16F7-4668-BE54-9A1E7A4F7556}") = "Notification.WebApi", "notification-service\Notification.WebApi\Notification.WebApi.csproj", "{9C87D1DD-66AB-4DAA-B14C-81523C451656}"
EndProject
Project("{9A19103F-16F7-4668-BE54-9A1E7A4F7556}") = "ServiceBus", "servicebus\ServiceBus.csproj", "{98BCECD9-6A30-4ABB-841B-525F7C62E8B9}"
EndProject
Global
	GlobalSection(SolutionConfigurationPlatforms) = preSolution
		Debug|Any CPU = Debug|Any CPU
		Release|Any CPU = Release|Any CPU
	EndGlobalSection
	GlobalSection(ProjectConfigurationPlatforms) = postSolution
		{580B84A6-E1D2-41CA-9138-65C191E31505}.Debug|Any CPU.ActiveCfg = Debug|Any CPU
		{580B84A6-E1D2-41CA-9138-65C191E31505}.Debug|Any CPU.Build.0 = Debug|Any CPU
		{580B84A6-E1D2-41CA-9138-65C191E31505}.Release|Any CPU.ActiveCfg = Release|Any CPU
		{580B84A6-E1D2-41CA-9138-65C191E31505}.Release|Any CPU.Build.0 = Release|Any CPU
		{4C416DDC-732C-4C67-836E-2B5E83BDE718}.Debug|Any CPU.ActiveCfg = Debug|Any CPU
		{4C416DDC-732C-4C67-836E-2B5E83BDE718}.Debug|Any CPU.Build.0 = Debug|Any CPU
		{4C416DDC-732C-4C67-836E-2B5E83BDE718}.Release|Any CPU.ActiveCfg = Release|Any CPU
		{4C416DDC-732C-4C67-836E-2B5E83BDE718}.Release|Any CPU.Build.0 = Release|Any CPU
		{72019E73-6D6C-41BD-9F18-8B20FF3DA2D8}.Debug|Any CPU.ActiveCfg = Debug|Any CPU
		{72019E73-6D6C-41BD-9F18-8B20FF3DA2D8}.Debug|Any CPU.Build.0 = Debug|Any CPU
		{72019E73-6D6C-41BD-9F18-8B20FF3DA2D8}.Release|Any CPU.ActiveCfg = Release|Any CPU
		{72019E73-6D6C-41BD-9F18-8B20FF3DA2D8}.Release|Any CPU.Build.0 = Release|Any CPU
		{3075EE47-ACAF-4537-966C-748F3237E2E6}.Debug|Any CPU.ActiveCfg = Debug|Any CPU
		{3075EE47-ACAF-4537-966C-748F3237E2E6}.Debug|Any CPU.Build.0 = Debug|Any CPU
		{3075EE47-ACAF-4537-966C-748F3237E2E6}.Release|Any CPU.ActiveCfg = Release|Any CPU
		{3075EE47-ACAF-4537-966C-748F3237E2E6}.Release|Any CPU.Build.0 = Release|Any CPU
		{EAC51217-A275-4B6E-AE7D-86FF7D885732}.Debug|Any CPU.ActiveCfg = Debug|Any CPU
		{EAC51217-A275-4B6E-AE7D-86FF7D885732}.Debug|Any CPU.Build.0 = Debug|Any CPU
		{EAC51217-A275-4B6E-AE7D-86FF7D885732}.Release|Any CPU.ActiveCfg = Release|Any CPU
		{EAC51217-A275-4B6E-AE7D-86FF7D885732}.Release|Any CPU.Build.0 = Release|Any CPU
		{1996433B-2887-4A49-88CE-383D0FA9BFEA}.Debug|Any CPU.ActiveCfg = Debug|Any CPU
		{1996433B-2887-4A49-88CE-383D0FA9BFEA}.Debug|Any CPU.Build.0 = Debug|Any CPU
		{1996433B-2887-4A49-88CE-383D0FA9BFEA}.Release|Any CPU.ActiveCfg = Release|Any CPU
		{1996433B-2887-4A49-88CE-383D0FA9BFEA}.Release|Any CPU.Build.0 = Release|Any CPU
		{71B4873F-7875-4CAA-B781-E5560051E3E8}.Debug|Any CPU.ActiveCfg = Debug|Any CPU
		{71B4873F-7875-4CAA-B781-E5560051E3E8}.Debug|Any CPU.Build.0 = Debug|Any CPU
		{71B4873F-7875-4CAA-B781-E5560051E3E8}.Release|Any CPU.ActiveCfg = Release|Any CPU
		{71B4873F-7875-4CAA-B781-E5560051E3E8}.Release|Any CPU.Build.0 = Release|Any CPU
		{1CE1DD26-A46B-4745-AF34-4255E93236E5}.Debug|Any CPU.ActiveCfg = Debug|Any CPU
		{1CE1DD26-A46B-4745-AF34-4255E93236E5}.Debug|Any CPU.Build.0 = Debug|Any CPU
		{1CE1DD26-A46B-4745-AF34-4255E93236E5}.Release|Any CPU.ActiveCfg = Release|Any CPU
		{1CE1DD26-A46B-4745-AF34-4255E93236E5}.Release|Any CPU.Build.0 = Release|Any CPU
		{9C87D1DD-66AB-4DAA-B14C-81523C451656}.Debug|Any CPU.ActiveCfg = Debug|Any CPU
		{9C87D1DD-66AB-4DAA-B14C-81523C451656}.Debug|Any CPU.Build.0 = Debug|Any CPU
		{9C87D1DD-66AB-4DAA-B14C-81523C451656}.Release|Any CPU.ActiveCfg = Release|Any CPU
		{9C87D1DD-66AB-4DAA-B14C-81523C451656}.Release|Any CPU.Build.0 = Release|Any CPU
		{98BCECD9-6A30-4ABB-841B-525F7C62E8B9}.Debug|Any CPU.ActiveCfg = Debug|Any CPU
		{98BCECD9-6A30-4ABB-841B-525F7C62E8B9}.Debug|Any CPU.Build.0 = Debug|Any CPU
		{98BCECD9-6A30-4ABB-841B-525F7C62E8B9}.Release|Any CPU.ActiveCfg = Release|Any CPU
		{98BCECD9-6A30-4ABB-841B-525F7C62E8B9}.Release|Any CPU.Build.0 = Release|Any CPU
	EndGlobalSection
	GlobalSection(SolutionProperties) = preSolution
		HideSolutionNode = FALSE
	EndGlobalSection
	GlobalSection(NestedProjects) = preSolution
		{580B84A6-E1D2-41CA-9138-65C191E31505} = {40B2F7C5-B84F-4D73-9D5A-521CC9E41144}
		{4C416DDC-732C-4C67-836E-2B5E83BDE718} = {40B2F7C5-B84F-4D73-9D5A-521CC9E41144}
		{72019E73-6D6C-41BD-9F18-8B20FF3DA2D8} = {40B2F7C5-B84F-4D73-9D5A-521CC9E41144}
		{3075EE47-ACAF-4537-966C-748F3237E2E6} = {9D2ED7E1-3E42-4259-A0C8-E89065C6E4FD}
		{EAC51217-A275-4B6E-AE7D-86FF7D885732} = {9D2ED7E1-3E42-4259-A0C8-E89065C6E4FD}
		{1996433B-2887-4A49-88CE-383D0FA9BFEA} = {9D2ED7E1-3E42-4259-A0C8-E89065C6E4FD}
		{71B4873F-7875-4CAA-B781-E5560051E3E8} = {E352371F-7AAB-4943-B029-1F6EE9F18A64}
		{1CE1DD26-A46B-4745-AF34-4255E93236E5} = {E352371F-7AAB-4943-B029-1F6EE9F18A64}
		{9C87D1DD-66AB-4DAA-B14C-81523C451656} = {E352371F-7AAB-4943-B029-1F6EE9F18A64}
		{98BCECD9-6A30-4ABB-841B-525F7C62E8B9} = {95E90AF4-64FF-40CA-9370-2977ECDE6EF4}
	EndGlobalSection
	GlobalSection(ExtensibilityGlobals) = postSolution
		SolutionGuid = {9CAEDBC5-5EDB-4D4B-AD2B-FE1D45AE2C1C}
	EndGlobalSection
EndGlobal
