
Microsoft Visual Studio Solution File, Format Version 12.00
# Visual Studio 15
VisualStudioVersion = 15.0.26124.0
MinimumVisualStudioVersion = 15.0.26124.0
Project("{FAE04EC0-301F-11D3-BF4B-00C04F79EFBC}") = "ValidationService.ConsoleApp", "ValidationService.ConsoleApp\ValidationService.ConsoleApp.csproj", "{B406072B-E99D-4FB5-8EFC-6B410E9E095A}"
EndProject
Project("{FAE04EC0-301F-11D3-BF4B-00C04F79EFBC}") = "ValidationService.Core", "ValidationService.Core\ValidationService.Core.csproj", "{FD51680B-E21C-4142-8CC5-0EC400BFD2D8}"
EndProject
Project("{FAE04EC0-301F-11D3-BF4B-00C04F79EFBC}") = "ValidationService.Infrastructure", "ValidationService.Infrastructure\ValidationService.Infrastructure.csproj", "{B8ECD046-808B-4764-965E-AC4FE7F02BCD}"
EndProject
Global
	GlobalSection(SolutionConfigurationPlatforms) = preSolution
		Debug|Any CPU = Debug|Any CPU
		Debug|x64 = Debug|x64
		Debug|x86 = Debug|x86
		Release|Any CPU = Release|Any CPU
		Release|x64 = Release|x64
		Release|x86 = Release|x86
	EndGlobalSection
	GlobalSection(SolutionProperties) = preSolution
		HideSolutionNode = FALSE
	EndGlobalSection
	GlobalSection(ProjectConfigurationPlatforms) = postSolution
		{B406072B-E99D-4FB5-8EFC-6B410E9E095A}.Debug|Any CPU.ActiveCfg = Debug|Any CPU
		{B406072B-E99D-4FB5-8EFC-6B410E9E095A}.Debug|Any CPU.Build.0 = Debug|Any CPU
		{B406072B-E99D-4FB5-8EFC-6B410E9E095A}.Debug|x64.ActiveCfg = Debug|Any CPU
		{B406072B-E99D-4FB5-8EFC-6B410E9E095A}.Debug|x64.Build.0 = Debug|Any CPU
		{B406072B-E99D-4FB5-8EFC-6B410E9E095A}.Debug|x86.ActiveCfg = Debug|Any CPU
		{B406072B-E99D-4FB5-8EFC-6B410E9E095A}.Debug|x86.Build.0 = Debug|Any CPU
		{B406072B-E99D-4FB5-8EFC-6B410E9E095A}.Release|Any CPU.ActiveCfg = Release|Any CPU
		{B406072B-E99D-4FB5-8EFC-6B410E9E095A}.Release|Any CPU.Build.0 = Release|Any CPU
		{B406072B-E99D-4FB5-8EFC-6B410E9E095A}.Release|x64.ActiveCfg = Release|Any CPU
		{B406072B-E99D-4FB5-8EFC-6B410E9E095A}.Release|x64.Build.0 = Release|Any CPU
		{B406072B-E99D-4FB5-8EFC-6B410E9E095A}.Release|x86.ActiveCfg = Release|Any CPU
		{B406072B-E99D-4FB5-8EFC-6B410E9E095A}.Release|x86.Build.0 = Release|Any CPU
		{FD51680B-E21C-4142-8CC5-0EC400BFD2D8}.Debug|Any CPU.ActiveCfg = Debug|Any CPU
		{FD51680B-E21C-4142-8CC5-0EC400BFD2D8}.Debug|Any CPU.Build.0 = Debug|Any CPU
		{FD51680B-E21C-4142-8CC5-0EC400BFD2D8}.Debug|x64.ActiveCfg = Debug|Any CPU
		{FD51680B-E21C-4142-8CC5-0EC400BFD2D8}.Debug|x64.Build.0 = Debug|Any CPU
		{FD51680B-E21C-4142-8CC5-0EC400BFD2D8}.Debug|x86.ActiveCfg = Debug|Any CPU
		{FD51680B-E21C-4142-8CC5-0EC400BFD2D8}.Debug|x86.Build.0 = Debug|Any CPU
		{FD51680B-E21C-4142-8CC5-0EC400BFD2D8}.Release|Any CPU.ActiveCfg = Release|Any CPU
		{FD51680B-E21C-4142-8CC5-0EC400BFD2D8}.Release|Any CPU.Build.0 = Release|Any CPU
		{FD51680B-E21C-4142-8CC5-0EC400BFD2D8}.Release|x64.ActiveCfg = Release|Any CPU
		{FD51680B-E21C-4142-8CC5-0EC400BFD2D8}.Release|x64.Build.0 = Release|Any CPU
		{FD51680B-E21C-4142-8CC5-0EC400BFD2D8}.Release|x86.ActiveCfg = Release|Any CPU
		{FD51680B-E21C-4142-8CC5-0EC400BFD2D8}.Release|x86.Build.0 = Release|Any CPU
		{B8ECD046-808B-4764-965E-AC4FE7F02BCD}.Debug|Any CPU.ActiveCfg = Debug|Any CPU
		{B8ECD046-808B-4764-965E-AC4FE7F02BCD}.Debug|Any CPU.Build.0 = Debug|Any CPU
		{B8ECD046-808B-4764-965E-AC4FE7F02BCD}.Debug|x64.ActiveCfg = Debug|Any CPU
		{B8ECD046-808B-4764-965E-AC4FE7F02BCD}.Debug|x64.Build.0 = Debug|Any CPU
		{B8ECD046-808B-4764-965E-AC4FE7F02BCD}.Debug|x86.ActiveCfg = Debug|Any CPU
		{B8ECD046-808B-4764-965E-AC4FE7F02BCD}.Debug|x86.Build.0 = Debug|Any CPU
		{B8ECD046-808B-4764-965E-AC4FE7F02BCD}.Release|Any CPU.ActiveCfg = Release|Any CPU
		{B8ECD046-808B-4764-965E-AC4FE7F02BCD}.Release|Any CPU.Build.0 = Release|Any CPU
		{B8ECD046-808B-4764-965E-AC4FE7F02BCD}.Release|x64.ActiveCfg = Release|Any CPU
		{B8ECD046-808B-4764-965E-AC4FE7F02BCD}.Release|x64.Build.0 = Release|Any CPU
		{B8ECD046-808B-4764-965E-AC4FE7F02BCD}.Release|x86.ActiveCfg = Release|Any CPU
		{B8ECD046-808B-4764-965E-AC4FE7F02BCD}.Release|x86.Build.0 = Release|Any CPU
	EndGlobalSection
EndGlobal
