
Microsoft Visual Studio Solution File, Format Version 12.00
# Visual Studio 15
VisualStudioVersion = 15.0.26124.0
MinimumVisualStudioVersion = 15.0.26124.0
Project("{FAE04EC0-301F-11D3-BF4B-00C04F79EFBC}") = "ClientService.ConsoleApp", "ClientService.ConsoleApp\ClientService.ConsoleApp.csproj", "{00AE7C6C-FEFB-4224-A40C-0ABB7E2856B9}"
EndProject
Project("{FAE04EC0-301F-11D3-BF4B-00C04F79EFBC}") = "ClientService.Core", "ClientService.Core\ClientService.Core.csproj", "{82F6FA23-971F-4A2E-A483-76BDF6FC46DE}"
EndProject
Project("{FAE04EC0-301F-11D3-BF4B-00C04F79EFBC}") = "ClientService.Infrastructure", "ClientService.Infrastructure\ClientService.Infrastructure.csproj", "{A34ABF8E-9D55-4900-A3AF-CE7855D5D236}"
EndProject
Global
	GlobalSection(SolutionConfigurationPlatforms) = preSolution
		Debug|Any CPU = Debug|Any CPU
		Debug|x64 = Debug|x64
		Debug|x86 = Debug|x86
		Release|Any CPU = Release|Any CPU
		Release|x64 = Release|x64
		Release|x86 = Release|x86
	EndGlobalSection
	GlobalSection(SolutionProperties) = preSolution
		HideSolutionNode = FALSE
	EndGlobalSection
	GlobalSection(ProjectConfigurationPlatforms) = postSolution
		{00AE7C6C-FEFB-4224-A40C-0ABB7E2856B9}.Debug|Any CPU.ActiveCfg = Debug|Any CPU
		{00AE7C6C-FEFB-4224-A40C-0ABB7E2856B9}.Debug|Any CPU.Build.0 = Debug|Any CPU
		{00AE7C6C-FEFB-4224-A40C-0ABB7E2856B9}.Debug|x64.ActiveCfg = Debug|Any CPU
		{00AE7C6C-FEFB-4224-A40C-0ABB7E2856B9}.Debug|x64.Build.0 = Debug|Any CPU
		{00AE7C6C-FEFB-4224-A40C-0ABB7E2856B9}.Debug|x86.ActiveCfg = Debug|Any CPU
		{00AE7C6C-FEFB-4224-A40C-0ABB7E2856B9}.Debug|x86.Build.0 = Debug|Any CPU
		{00AE7C6C-FEFB-4224-A40C-0ABB7E2856B9}.Release|Any CPU.ActiveCfg = Release|Any CPU
		{00AE7C6C-FEFB-4224-A40C-0ABB7E2856B9}.Release|Any CPU.Build.0 = Release|Any CPU
		{00AE7C6C-FEFB-4224-A40C-0ABB7E2856B9}.Release|x64.ActiveCfg = Release|Any CPU
		{00AE7C6C-FEFB-4224-A40C-0ABB7E2856B9}.Release|x64.Build.0 = Release|Any CPU
		{00AE7C6C-FEFB-4224-A40C-0ABB7E2856B9}.Release|x86.ActiveCfg = Release|Any CPU
		{00AE7C6C-FEFB-4224-A40C-0ABB7E2856B9}.Release|x86.Build.0 = Release|Any CPU
		{82F6FA23-971F-4A2E-A483-76BDF6FC46DE}.Debug|Any CPU.ActiveCfg = Debug|Any CPU
		{82F6FA23-971F-4A2E-A483-76BDF6FC46DE}.Debug|Any CPU.Build.0 = Debug|Any CPU
		{82F6FA23-971F-4A2E-A483-76BDF6FC46DE}.Debug|x64.ActiveCfg = Debug|Any CPU
		{82F6FA23-971F-4A2E-A483-76BDF6FC46DE}.Debug|x64.Build.0 = Debug|Any CPU
		{82F6FA23-971F-4A2E-A483-76BDF6FC46DE}.Debug|x86.ActiveCfg = Debug|Any CPU
		{82F6FA23-971F-4A2E-A483-76BDF6FC46DE}.Debug|x86.Build.0 = Debug|Any CPU
		{82F6FA23-971F-4A2E-A483-76BDF6FC46DE}.Release|Any CPU.ActiveCfg = Release|Any CPU
		{82F6FA23-971F-4A2E-A483-76BDF6FC46DE}.Release|Any CPU.Build.0 = Release|Any CPU
		{82F6FA23-971F-4A2E-A483-76BDF6FC46DE}.Release|x64.ActiveCfg = Release|Any CPU
		{82F6FA23-971F-4A2E-A483-76BDF6FC46DE}.Release|x64.Build.0 = Release|Any CPU
		{82F6FA23-971F-4A2E-A483-76BDF6FC46DE}.Release|x86.ActiveCfg = Release|Any CPU
		{82F6FA23-971F-4A2E-A483-76BDF6FC46DE}.Release|x86.Build.0 = Release|Any CPU
		{A34ABF8E-9D55-4900-A3AF-CE7855D5D236}.Debug|Any CPU.ActiveCfg = Debug|Any CPU
		{A34ABF8E-9D55-4900-A3AF-CE7855D5D236}.Debug|Any CPU.Build.0 = Debug|Any CPU
		{A34ABF8E-9D55-4900-A3AF-CE7855D5D236}.Debug|x64.ActiveCfg = Debug|Any CPU
		{A34ABF8E-9D55-4900-A3AF-CE7855D5D236}.Debug|x64.Build.0 = Debug|Any CPU
		{A34ABF8E-9D55-4900-A3AF-CE7855D5D236}.Debug|x86.ActiveCfg = Debug|Any CPU
		{A34ABF8E-9D55-4900-A3AF-CE7855D5D236}.Debug|x86.Build.0 = Debug|Any CPU
		{A34ABF8E-9D55-4900-A3AF-CE7855D5D236}.Release|Any CPU.ActiveCfg = Release|Any CPU
		{A34ABF8E-9D55-4900-A3AF-CE7855D5D236}.Release|Any CPU.Build.0 = Release|Any CPU
		{A34ABF8E-9D55-4900-A3AF-CE7855D5D236}.Release|x64.ActiveCfg = Release|Any CPU
		{A34ABF8E-9D55-4900-A3AF-CE7855D5D236}.Release|x64.Build.0 = Release|Any CPU
		{A34ABF8E-9D55-4900-A3AF-CE7855D5D236}.Release|x86.ActiveCfg = Release|Any CPU
		{A34ABF8E-9D55-4900-A3AF-CE7855D5D236}.Release|x86.Build.0 = Release|Any CPU
	EndGlobalSection
EndGlobal
